// !$*UTF8*$!
{
	archiveVersion = 1;
	classes = {
	};
	objectVersion = 56;
	objects = {

/* Begin PBXBuildFile section */
		1859C8C329CB17D1000E2BD3 /* ExploreViewController.swift in Sources */ = {isa = PBXBuildFile; fileRef = 1859C8C229CB17D1000E2BD3 /* ExploreViewController.swift */; };
		1859C8C529CB17DF000E2BD3 /* CameraViewController.swift in Sources */ = {isa = PBXBuildFile; fileRef = 1859C8C429CB17DF000E2BD3 /* CameraViewController.swift */; };
		1859C8C729CB17E7000E2BD3 /* NotificationsViewController.swift in Sources */ = {isa = PBXBuildFile; fileRef = 1859C8C629CB17E7000E2BD3 /* NotificationsViewController.swift */; };
		1859C8C929CB17F0000E2BD3 /* ProfileViewController.swift in Sources */ = {isa = PBXBuildFile; fileRef = 1859C8C829CB17F0000E2BD3 /* ProfileViewController.swift */; };
		1859C8CC29CB182E000E2BD3 /* TabBarViewController.swift in Sources */ = {isa = PBXBuildFile; fileRef = 1859C8CB29CB182E000E2BD3 /* TabBarViewController.swift */; };
		1859C8CF29CB185E000E2BD3 /* SignInViewController.swift in Sources */ = {isa = PBXBuildFile; fileRef = 1859C8CE29CB185E000E2BD3 /* SignInViewController.swift */; };
		1859C8D129CB187C000E2BD3 /* SignUpViewController.swift in Sources */ = {isa = PBXBuildFile; fileRef = 1859C8D029CB187C000E2BD3 /* SignUpViewController.swift */; };
		1859C8D329CB1889000E2BD3 /* CaptionViewController.swift in Sources */ = {isa = PBXBuildFile; fileRef = 1859C8D229CB1889000E2BD3 /* CaptionViewController.swift */; };
		1859C8D529CB1898000E2BD3 /* ListViewController.swift in Sources */ = {isa = PBXBuildFile; fileRef = 1859C8D429CB1898000E2BD3 /* ListViewController.swift */; };
		1859C8D729CB18A1000E2BD3 /* PostViewController.swift in Sources */ = {isa = PBXBuildFile; fileRef = 1859C8D629CB18A1000E2BD3 /* PostViewController.swift */; };
		1859C8D929CB18AF000E2BD3 /* SettingsViewController.swift in Sources */ = {isa = PBXBuildFile; fileRef = 1859C8D829CB18AF000E2BD3 /* SettingsViewController.swift */; };
		1859C8DB29CB18DC000E2BD3 /* User.swift in Sources */ = {isa = PBXBuildFile; fileRef = 1859C8DA29CB18DC000E2BD3 /* User.swift */; };
		1859C8DD29CB18E3000E2BD3 /* Post.swift in Sources */ = {isa = PBXBuildFile; fileRef = 1859C8DC29CB18E3000E2BD3 /* Post.swift */; };
		1859C8DF29CB18F1000E2BD3 /* Relationship.swift in Sources */ = {isa = PBXBuildFile; fileRef = 1859C8DE29CB18F1000E2BD3 /* Relationship.swift */; };
		1859C8E129CB1903000E2BD3 /* Notification.swift in Sources */ = {isa = PBXBuildFile; fileRef = 1859C8E029CB1903000E2BD3 /* Notification.swift */; };
		1859C8E329CB191F000E2BD3 /* AuthManager.swift in Sources */ = {isa = PBXBuildFile; fileRef = 1859C8E229CB191F000E2BD3 /* AuthManager.swift */; };
		1859C8E529CB1932000E2BD3 /* DatabaseManager.swift in Sources */ = {isa = PBXBuildFile; fileRef = 1859C8E429CB1932000E2BD3 /* DatabaseManager.swift */; };
		1859C8E729CB193A000E2BD3 /* Storagemanager.swift in Sources */ = {isa = PBXBuildFile; fileRef = 1859C8E629CB193A000E2BD3 /* Storagemanager.swift */; };
		1859C8E929CB1949000E2BD3 /* AnalyticsManager.swift in Sources */ = {isa = PBXBuildFile; fileRef = 1859C8E829CB1949000E2BD3 /* AnalyticsManager.swift */; };
		1859C8EB29CB1954000E2BD3 /* Haptics.swift in Sources */ = {isa = PBXBuildFile; fileRef = 1859C8EA29CB1954000E2BD3 /* Haptics.swift */; };
		187C461D29CB115D0030A73A /* AppDelegate.swift in Sources */ = {isa = PBXBuildFile; fileRef = 187C461C29CB115D0030A73A /* AppDelegate.swift */; };
		187C461F29CB115D0030A73A /* SceneDelegate.swift in Sources */ = {isa = PBXBuildFile; fileRef = 187C461E29CB115D0030A73A /* SceneDelegate.swift */; };
		187C462129CB115D0030A73A /* HomeViewController.swift in Sources */ = {isa = PBXBuildFile; fileRef = 187C462029CB115D0030A73A /* HomeViewController.swift */; };
		187C462629CB115D0030A73A /* Assets.xcassets in Resources */ = {isa = PBXBuildFile; fileRef = 187C462529CB115D0030A73A /* Assets.xcassets */; };
		187C462929CB115D0030A73A /* LaunchScreen.storyboard in Resources */ = {isa = PBXBuildFile; fileRef = 187C462729CB115D0030A73A /* LaunchScreen.storyboard */; };
		62E76A55B343777ED8C8A602 /* Pods_Instagram.framework in Frameworks */ = {isa = PBXBuildFile; fileRef = 19DF617AD705BA3B563F8013 /* Pods_Instagram.framework */; };
/* End PBXBuildFile section */

/* Begin PBXFileReference section */
		0302FF2198278DA01A1DE08A /* Pods-Instagram.release.xcconfig */ = {isa = PBXFileReference; includeInIndex = 1; lastKnownFileType = text.xcconfig; name = "Pods-Instagram.release.xcconfig"; path = "Target Support Files/Pods-Instagram/Pods-Instagram.release.xcconfig"; sourceTree = "<group>"; };
		1859C8C229CB17D1000E2BD3 /* ExploreViewController.swift */ = {isa = PBXFileReference; lastKnownFileType = sourcecode.swift; path = ExploreViewController.swift; sourceTree = "<group>"; };
		1859C8C429CB17DF000E2BD3 /* CameraViewController.swift */ = {isa = PBXFileReference; lastKnownFileType = sourcecode.swift; path = CameraViewController.swift; sourceTree = "<group>"; };
		1859C8C629CB17E7000E2BD3 /* NotificationsViewController.swift */ = {isa = PBXFileReference; lastKnownFileType = sourcecode.swift; path = NotificationsViewController.swift; sourceTree = "<group>"; };
		1859C8C829CB17F0000E2BD3 /* ProfileViewController.swift */ = {isa = PBXFileReference; lastKnownFileType = sourcecode.swift; path = ProfileViewController.swift; sourceTree = "<group>"; };
		1859C8CB29CB182E000E2BD3 /* TabBarViewController.swift */ = {isa = PBXFileReference; lastKnownFileType = sourcecode.swift; path = TabBarViewController.swift; sourceTree = "<group>"; };
		1859C8CE29CB185E000E2BD3 /* SignInViewController.swift */ = {isa = PBXFileReference; lastKnownFileType = sourcecode.swift; path = SignInViewController.swift; sourceTree = "<group>"; };
		1859C8D029CB187C000E2BD3 /* SignUpViewController.swift */ = {isa = PBXFileReference; lastKnownFileType = sourcecode.swift; path = SignUpViewController.swift; sourceTree = "<group>"; };
		1859C8D229CB1889000E2BD3 /* CaptionViewController.swift */ = {isa = PBXFileReference; lastKnownFileType = sourcecode.swift; path = CaptionViewController.swift; sourceTree = "<group>"; };
		1859C8D429CB1898000E2BD3 /* ListViewController.swift */ = {isa = PBXFileReference; lastKnownFileType = sourcecode.swift; path = ListViewController.swift; sourceTree = "<group>"; };
		1859C8D629CB18A1000E2BD3 /* PostViewController.swift */ = {isa = PBXFileReference; lastKnownFileType = sourcecode.swift; path = PostViewController.swift; sourceTree = "<group>"; };
		1859C8D829CB18AF000E2BD3 /* SettingsViewController.swift */ = {isa = PBXFileReference; lastKnownFileType = sourcecode.swift; path = SettingsViewController.swift; sourceTree = "<group>"; };
		1859C8DA29CB18DC000E2BD3 /* User.swift */ = {isa = PBXFileReference; lastKnownFileType = sourcecode.swift; path = User.swift; sourceTree = "<group>"; };
		1859C8DC29CB18E3000E2BD3 /* Post.swift */ = {isa = PBXFileReference; lastKnownFileType = sourcecode.swift; path = Post.swift; sourceTree = "<group>"; };
		1859C8DE29CB18F1000E2BD3 /* Relationship.swift */ = {isa = PBXFileReference; lastKnownFileType = sourcecode.swift; path = Relationship.swift; sourceTree = "<group>"; };
		1859C8E029CB1903000E2BD3 /* Notification.swift */ = {isa = PBXFileReference; lastKnownFileType = sourcecode.swift; path = Notification.swift; sourceTree = "<group>"; };
		1859C8E229CB191F000E2BD3 /* AuthManager.swift */ = {isa = PBXFileReference; lastKnownFileType = sourcecode.swift; path = AuthManager.swift; sourceTree = "<group>"; };
		1859C8E429CB1932000E2BD3 /* DatabaseManager.swift */ = {isa = PBXFileReference; lastKnownFileType = sourcecode.swift; path = DatabaseManager.swift; sourceTree = "<group>"; };
		1859C8E629CB193A000E2BD3 /* Storagemanager.swift */ = {isa = PBXFileReference; lastKnownFileType = sourcecode.swift; path = Storagemanager.swift; sourceTree = "<group>"; };
		1859C8E829CB1949000E2BD3 /* AnalyticsManager.swift */ = {isa = PBXFileReference; lastKnownFileType = sourcecode.swift; path = AnalyticsManager.swift; sourceTree = "<group>"; };
		1859C8EA29CB1954000E2BD3 /* Haptics.swift */ = {isa = PBXFileReference; lastKnownFileType = sourcecode.swift; path = Haptics.swift; sourceTree = "<group>"; };
		187C461929CB115D0030A73A /* Instagram.app */ = {isa = PBXFileReference; explicitFileType = wrapper.application; includeInIndex = 0; path = Instagram.app; sourceTree = BUILT_PRODUCTS_DIR; };
		187C461C29CB115D0030A73A /* AppDelegate.swift */ = {isa = PBXFileReference; lastKnownFileType = sourcecode.swift; path = AppDelegate.swift; sourceTree = "<group>"; };
		187C461E29CB115D0030A73A /* SceneDelegate.swift */ = {isa = PBXFileReference; lastKnownFileType = sourcecode.swift; path = SceneDelegate.swift; sourceTree = "<group>"; };
		187C462029CB115D0030A73A /* HomeViewController.swift */ = {isa = PBXFileReference; lastKnownFileType = sourcecode.swift; path = HomeViewController.swift; sourceTree = "<group>"; };
		187C462529CB115D0030A73A /* Assets.xcassets */ = {isa = PBXFileReference; lastKnownFileType = folder.assetcatalog; path = Assets.xcassets; sourceTree = "<group>"; };
		187C462829CB115D0030A73A /* Base */ = {isa = PBXFileReference; lastKnownFileType = file.storyboard; name = Base; path = Base.lproj/LaunchScreen.storyboard; sourceTree = "<group>"; };
		187C462A29CB115D0030A73A /* Info.plist */ = {isa = PBXFileReference; lastKnownFileType = text.plist.xml; path = Info.plist; sourceTree = "<group>"; };
		19DF617AD705BA3B563F8013 /* Pods_Instagram.framework */ = {isa = PBXFileReference; explicitFileType = wrapper.framework; includeInIndex = 0; path = Pods_Instagram.framework; sourceTree = BUILT_PRODUCTS_DIR; };
		CA8C8E7AFCFA956297340752 /* Pods-Instagram.debug.xcconfig */ = {isa = PBXFileReference; includeInIndex = 1; lastKnownFileType = text.xcconfig; name = "Pods-Instagram.debug.xcconfig"; path = "Target Support Files/Pods-Instagram/Pods-Instagram.debug.xcconfig"; sourceTree = "<group>"; };
/* End PBXFileReference section */

/* Begin PBXFrameworksBuildPhase section */
		187C461629CB115D0030A73A /* Frameworks */ = {
			isa = PBXFrameworksBuildPhase;
			buildActionMask = 2147483647;
			files = (
				62E76A55B343777ED8C8A602 /* Pods_Instagram.framework in Frameworks */,
			);
			runOnlyForDeploymentPostprocessing = 0;
		};
/* End PBXFrameworksBuildPhase section */

/* Begin PBXGroup section */
		1859C8BC29CB14A2000E2BD3 /* Controllers */ = {
			isa = PBXGroup;
			children = (
				1859C8CD29CB1837000E2BD3 /* Other */,
				1859C8CA29CB17FE000E2BD3 /* Core */,
			);
			path = Controllers;
			sourceTree = "<group>";
		};
		1859C8BD29CB14B2000E2BD3 /* Views */ = {
			isa = PBXGroup;
			children = (
				187C462729CB115D0030A73A /* LaunchScreen.storyboard */,
			);
			path = Views;
			sourceTree = "<group>";
		};
		1859C8BE29CB14B8000E2BD3 /* Models */ = {
			isa = PBXGroup;
			children = (
				1859C8DA29CB18DC000E2BD3 /* User.swift */,
				1859C8DC29CB18E3000E2BD3 /* Post.swift */,
				1859C8DE29CB18F1000E2BD3 /* Relationship.swift */,
				1859C8E029CB1903000E2BD3 /* Notification.swift */,
			);
			path = Models;
			sourceTree = "<group>";
		};
		1859C8BF29CB14BE000E2BD3 /* ViewModels */ = {
			isa = PBXGroup;
			children = (
			);
			path = ViewModels;
			sourceTree = "<group>";
		};
		1859C8C029CB14C6000E2BD3 /* Managers */ = {
			isa = PBXGroup;
			children = (
				1859C8E229CB191F000E2BD3 /* AuthManager.swift */,
				1859C8E429CB1932000E2BD3 /* DatabaseManager.swift */,
				1859C8E629CB193A000E2BD3 /* Storagemanager.swift */,
				1859C8E829CB1949000E2BD3 /* AnalyticsManager.swift */,
				1859C8EA29CB1954000E2BD3 /* Haptics.swift */,
			);
			path = Managers;
			sourceTree = "<group>";
		};
		1859C8C129CB14D0000E2BD3 /* Resources */ = {
			isa = PBXGroup;
			children = (
				187C462529CB115D0030A73A /* Assets.xcassets */,
				187C461C29CB115D0030A73A /* AppDelegate.swift */,
				187C461E29CB115D0030A73A /* SceneDelegate.swift */,
			);
			path = Resources;
			sourceTree = "<group>";
		};
		1859C8CA29CB17FE000E2BD3 /* Core */ = {
			isa = PBXGroup;
			children = (
				187C462029CB115D0030A73A /* HomeViewController.swift */,
				1859C8C229CB17D1000E2BD3 /* ExploreViewController.swift */,
				1859C8C429CB17DF000E2BD3 /* CameraViewController.swift */,
				1859C8C629CB17E7000E2BD3 /* NotificationsViewController.swift */,
				1859C8C829CB17F0000E2BD3 /* ProfileViewController.swift */,
				1859C8CB29CB182E000E2BD3 /* TabBarViewController.swift */,
			);
			path = Core;
			sourceTree = "<group>";
		};
		1859C8CD29CB1837000E2BD3 /* Other */ = {
			isa = PBXGroup;
			children = (
				1859C8CE29CB185E000E2BD3 /* SignInViewController.swift */,
				1859C8D029CB187C000E2BD3 /* SignUpViewController.swift */,
				1859C8D229CB1889000E2BD3 /* CaptionViewController.swift */,
				1859C8D429CB1898000E2BD3 /* ListViewController.swift */,
				1859C8D629CB18A1000E2BD3 /* PostViewController.swift */,
				1859C8D829CB18AF000E2BD3 /* SettingsViewController.swift */,
			);
			path = Other;
			sourceTree = "<group>";
		};
		187C461029CB115D0030A73A = {
			isa = PBXGroup;
			children = (
				187C461B29CB115D0030A73A /* Instagram */,
				187C461A29CB115D0030A73A /* Products */,
				E6F8AE758BB4023A857DBFB5 /* Pods */,
				B02CCC74C1E213D1127EEFE0 /* Frameworks */,
			);
			sourceTree = "<group>";
		};
		187C461A29CB115D0030A73A /* Products */ = {
			isa = PBXGroup;
			children = (
				187C461929CB115D0030A73A /* Instagram.app */,
			);
			name = Products;
			sourceTree = "<group>";
		};
		187C461B29CB115D0030A73A /* Instagram */ = {
			isa = PBXGroup;
			children = (
				1859C8C129CB14D0000E2BD3 /* Resources */,
				1859C8C029CB14C6000E2BD3 /* Managers */,
				1859C8BF29CB14BE000E2BD3 /* ViewModels */,
				1859C8BE29CB14B8000E2BD3 /* Models */,
				1859C8BD29CB14B2000E2BD3 /* Views */,
				1859C8BC29CB14A2000E2BD3 /* Controllers */,
				187C462A29CB115D0030A73A /* Info.plist */,
			);
			path = Instagram;
			sourceTree = "<group>";
		};
		B02CCC74C1E213D1127EEFE0 /* Frameworks */ = {
			isa = PBXGroup;
			children = (
				19DF617AD705BA3B563F8013 /* Pods_Instagram.framework */,
			);
			name = Frameworks;
			sourceTree = "<group>";
		};
		E6F8AE758BB4023A857DBFB5 /* Pods */ = {
			isa = PBXGroup;
			children = (
				CA8C8E7AFCFA956297340752 /* Pods-Instagram.debug.xcconfig */,
				0302FF2198278DA01A1DE08A /* Pods-Instagram.release.xcconfig */,
			);
			path = Pods;
			sourceTree = "<group>";
		};
/* End PBXGroup section */

/* Begin PBXNativeTarget section */
		187C461829CB115D0030A73A /* Instagram */ = {
			isa = PBXNativeTarget;
			buildConfigurationList = 187C462D29CB115D0030A73A /* Build configuration list for PBXNativeTarget "Instagram" */;
			buildPhases = (
				01857DC6BCD4E7C635F88F9E /* [CP] Check Pods Manifest.lock */,
				187C461529CB115D0030A73A /* Sources */,
				187C461629CB115D0030A73A /* Frameworks */,
				187C461729CB115D0030A73A /* Resources */,
				40457B716E60593211E0E48E /* [CP] Embed Pods Frameworks */,
			);
			buildRules = (
			);
			dependencies = (
			);
			name = Instagram;
			productName = Instagram;
			productReference = 187C461929CB115D0030A73A /* Instagram.app */;
			productType = "com.apple.product-type.application";
		};
/* End PBXNativeTarget section */

/* Begin PBXProject section */
		187C461129CB115D0030A73A /* Project object */ = {
			isa = PBXProject;
			attributes = {
				BuildIndependentTargetsInParallel = 1;
				LastSwiftUpdateCheck = 1420;
				LastUpgradeCheck = 1420;
				TargetAttributes = {
					187C461829CB115D0030A73A = {
						CreatedOnToolsVersion = 14.2;
					};
				};
			};
			buildConfigurationList = 187C461429CB115D0030A73A /* Build configuration list for PBXProject "Instagram" */;
			compatibilityVersion = "Xcode 14.0";
			developmentRegion = en;
			hasScannedForEncodings = 0;
			knownRegions = (
				en,
				Base,
			);
			mainGroup = 187C461029CB115D0030A73A;
			productRefGroup = 187C461A29CB115D0030A73A /* Products */;
			projectDirPath = "";
			projectRoot = "";
			targets = (
				187C461829CB115D0030A73A /* Instagram */,
			);
		};
/* End PBXProject section */

/* Begin PBXResourcesBuildPhase section */
		187C461729CB115D0030A73A /* Resources */ = {
			isa = PBXResourcesBuildPhase;
			buildActionMask = 2147483647;
			files = (
				187C462929CB115D0030A73A /* LaunchScreen.storyboard in Resources */,
				187C462629CB115D0030A73A /* Assets.xcassets in Resources */,
			);
			runOnlyForDeploymentPostprocessing = 0;
		};
/* End PBXResourcesBuildPhase section */

/* Begin PBXShellScriptBuildPhase section */
		01857DC6BCD4E7C635F88F9E /* [CP] Check Pods Manifest.lock */ = {
			isa = PBXShellScriptBuildPhase;
			buildActionMask = 2147483647;
			files = (
			);
			inputFileListPaths = (
			);
			inputPaths = (
				"${PODS_PODFILE_DIR_PATH}/Podfile.lock",
				"${PODS_ROOT}/Manifest.lock",
			);
			name = "[CP] Check Pods Manifest.lock";
			outputFileListPaths = (
			);
			outputPaths = (
				"$(DERIVED_FILE_DIR)/Pods-Instagram-checkManifestLockResult.txt",
			);
			runOnlyForDeploymentPostprocessing = 0;
			shellPath = /bin/sh;
			shellScript = "diff \"${PODS_PODFILE_DIR_PATH}/Podfile.lock\" \"${PODS_ROOT}/Manifest.lock\" > /dev/null\nif [ $? != 0 ] ; then\n    # print error to STDERR\n    echo \"error: The sandbox is not in sync with the Podfile.lock. Run 'pod install' or update your CocoaPods installation.\" >&2\n    exit 1\nfi\n# This output is used by Xcode 'outputs' to avoid re-running this script phase.\necho \"SUCCESS\" > \"${SCRIPT_OUTPUT_FILE_0}\"\n";
			showEnvVarsInLog = 0;
		};
		40457B716E60593211E0E48E /* [CP] Embed Pods Frameworks */ = {
			isa = PBXShellScriptBuildPhase;
			buildActionMask = 2147483647;
			files = (
			);
			inputFileListPaths = (
				"${PODS_ROOT}/Target Support Files/Pods-Instagram/Pods-Instagram-frameworks-${CONFIGURATION}-input-files.xcfilelist",
			);
			name = "[CP] Embed Pods Frameworks";
			outputFileListPaths = (
				"${PODS_ROOT}/Target Support Files/Pods-Instagram/Pods-Instagram-frameworks-${CONFIGURATION}-output-files.xcfilelist",
			);
			runOnlyForDeploymentPostprocessing = 0;
			shellPath = /bin/sh;
			shellScript = "\"${PODS_ROOT}/Target Support Files/Pods-Instagram/Pods-Instagram-frameworks.sh\"\n";
			showEnvVarsInLog = 0;
		};
/* End PBXShellScriptBuildPhase section */

/* Begin PBXSourcesBuildPhase section */
		187C461529CB115D0030A73A /* Sources */ = {
			isa = PBXSourcesBuildPhase;
			buildActionMask = 2147483647;
			files = (
				1859C8D329CB1889000E2BD3 /* CaptionViewController.swift in Sources */,
				1859C8CC29CB182E000E2BD3 /* TabBarViewController.swift in Sources */,
				1859C8E129CB1903000E2BD3 /* Notification.swift in Sources */,
				1859C8D529CB1898000E2BD3 /* ListViewController.swift in Sources */,
				1859C8E729CB193A000E2BD3 /* Storagemanager.swift in Sources */,
				1859C8D729CB18A1000E2BD3 /* PostViewController.swift in Sources */,
				1859C8C329CB17D1000E2BD3 /* ExploreViewController.swift in Sources */,
				1859C8C529CB17DF000E2BD3 /* CameraViewController.swift in Sources */,
				1859C8E929CB1949000E2BD3 /* AnalyticsManager.swift in Sources */,
				187C462129CB115D0030A73A /* HomeViewController.swift in Sources */,
				1859C8D129CB187C000E2BD3 /* SignUpViewController.swift in Sources */,
				1859C8DB29CB18DC000E2BD3 /* User.swift in Sources */,
				1859C8C729CB17E7000E2BD3 /* NotificationsViewController.swift in Sources */,
				1859C8D929CB18AF000E2BD3 /* SettingsViewController.swift in Sources */,
				1859C8E529CB1932000E2BD3 /* DatabaseManager.swift in Sources */,
				1859C8DF29CB18F1000E2BD3 /* Relationship.swift in Sources */,
				1859C8DD29CB18E3000E2BD3 /* Post.swift in Sources */,
				1859C8E329CB191F000E2BD3 /* AuthManager.swift in Sources */,
				1859C8CF29CB185E000E2BD3 /* SignInViewController.swift in Sources */,
				1859C8C929CB17F0000E2BD3 /* ProfileViewController.swift in Sources */,
				187C461D29CB115D0030A73A /* AppDelegate.swift in Sources */,
				187C461F29CB115D0030A73A /* SceneDelegate.swift in Sources */,
				1859C8EB29CB1954000E2BD3 /* Haptics.swift in Sources */,
			);
			runOnlyForDeploymentPostprocessing = 0;
		};
/* End PBXSourcesBuildPhase section */

/* Begin PBXVariantGroup section */
		187C462729CB115D0030A73A /* LaunchScreen.storyboard */ = {
			isa = PBXVariantGroup;
			children = (
				187C462829CB115D0030A73A /* Base */,
			);
			name = LaunchScreen.storyboard;
			sourceTree = "<group>";
		};
/* End PBXVariantGroup section */

/* Begin XCBuildConfiguration section */
		187C462B29CB115D0030A73A /* Debug */ = {
			isa = XCBuildConfiguration;
			buildSettings = {
				ALWAYS_SEARCH_USER_PATHS = NO;
				CLANG_ANALYZER_NONNULL = YES;
				CLANG_ANALYZER_NUMBER_OBJECT_CONVERSION = YES_AGGRESSIVE;
				CLANG_CXX_LANGUAGE_STANDARD = "gnu++20";
				CLANG_ENABLE_MODULES = YES;
				CLANG_ENABLE_OBJC_ARC = YES;
				CLANG_ENABLE_OBJC_WEAK = YES;
				CLANG_WARN_BLOCK_CAPTURE_AUTORELEASING = YES;
				CLANG_WARN_BOOL_CONVERSION = YES;
				CLANG_WARN_COMMA = YES;
				CLANG_WARN_CONSTANT_CONVERSION = YES;
				CLANG_WARN_DEPRECATED_OBJC_IMPLEMENTATIONS = YES;
				CLANG_WARN_DIRECT_OBJC_ISA_USAGE = YES_ERROR;
				CLANG_WARN_DOCUMENTATION_COMMENTS = YES;
				CLANG_WARN_EMPTY_BODY = YES;
				CLANG_WARN_ENUM_CONVERSION = YES;
				CLANG_WARN_INFINITE_RECURSION = YES;
				CLANG_WARN_INT_CONVERSION = YES;
				CLANG_WARN_NON_LITERAL_NULL_CONVERSION = YES;
				CLANG_WARN_OBJC_IMPLICIT_RETAIN_SELF = YES;
				CLANG_WARN_OBJC_LITERAL_CONVERSION = YES;
				CLANG_WARN_OBJC_ROOT_CLASS = YES_ERROR;
				CLANG_WARN_QUOTED_INCLUDE_IN_FRAMEWORK_HEADER = YES;
				CLANG_WARN_RANGE_LOOP_ANALYSIS = YES;
				CLANG_WARN_STRICT_PROTOTYPES = YES;
				CLANG_WARN_SUSPICIOUS_MOVE = YES;
				CLANG_WARN_UNGUARDED_AVAILABILITY = YES_AGGRESSIVE;
				CLANG_WARN_UNREACHABLE_CODE = YES;
				CLANG_WARN__DUPLICATE_METHOD_MATCH = YES;
				COPY_PHASE_STRIP = NO;
				DEBUG_INFORMATION_FORMAT = dwarf;
				ENABLE_STRICT_OBJC_MSGSEND = YES;
				ENABLE_TESTABILITY = YES;
				GCC_C_LANGUAGE_STANDARD = gnu11;
				GCC_DYNAMIC_NO_PIC = NO;
				GCC_NO_COMMON_BLOCKS = YES;
				GCC_OPTIMIZATION_LEVEL = 0;
				GCC_PREPROCESSOR_DEFINITIONS = (
					"DEBUG=1",
					"$(inherited)",
				);
				GCC_WARN_64_TO_32_BIT_CONVERSION = YES;
				GCC_WARN_ABOUT_RETURN_TYPE = YES_ERROR;
				GCC_WARN_UNDECLARED_SELECTOR = YES;
				GCC_WARN_UNINITIALIZED_AUTOS = YES_AGGRESSIVE;
				GCC_WARN_UNUSED_FUNCTION = YES;
				GCC_WARN_UNUSED_VARIABLE = YES;
				IPHONEOS_DEPLOYMENT_TARGET = 16.2;
				MTL_ENABLE_DEBUG_INFO = INCLUDE_SOURCE;
				MTL_FAST_MATH = YES;
				ONLY_ACTIVE_ARCH = YES;
				SDKROOT = iphoneos;
				SWIFT_ACTIVE_COMPILATION_CONDITIONS = DEBUG;
				SWIFT_OPTIMIZATION_LEVEL = "-Onone";
			};
			name = Debug;
		};
		187C462C29CB115D0030A73A /* Release */ = {
			isa = XCBuildConfiguration;
			buildSettings = {
				ALWAYS_SEARCH_USER_PATHS = NO;
				CLANG_ANALYZER_NONNULL = YES;
				CLANG_ANALYZER_NUMBER_OBJECT_CONVERSION = YES_AGGRESSIVE;
				CLANG_CXX_LANGUAGE_STANDARD = "gnu++20";
				CLANG_ENABLE_MODULES = YES;
				CLANG_ENABLE_OBJC_ARC = YES;
				CLANG_ENABLE_OBJC_WEAK = YES;
				CLANG_WARN_BLOCK_CAPTURE_AUTORELEASING = YES;
				CLANG_WARN_BOOL_CONVERSION = YES;
				CLANG_WARN_COMMA = YES;
				CLANG_WARN_CONSTANT_CONVERSION = YES;
				CLANG_WARN_DEPRECATED_OBJC_IMPLEMENTATIONS = YES;
				CLANG_WARN_DIRECT_OBJC_ISA_USAGE = YES_ERROR;
				CLANG_WARN_DOCUMENTATION_COMMENTS = YES;
				CLANG_WARN_EMPTY_BODY = YES;
				CLANG_WARN_ENUM_CONVERSION = YES;
				CLANG_WARN_INFINITE_RECURSION = YES;
				CLANG_WARN_INT_CONVERSION = YES;
				CLANG_WARN_NON_LITERAL_NULL_CONVERSION = YES;
				CLANG_WARN_OBJC_IMPLICIT_RETAIN_SELF = YES;
				CLANG_WARN_OBJC_LITERAL_CONVERSION = YES;
				CLANG_WARN_OBJC_ROOT_CLASS = YES_ERROR;
				CLANG_WARN_QUOTED_INCLUDE_IN_FRAMEWORK_HEADER = YES;
				CLANG_WARN_RANGE_LOOP_ANALYSIS = YES;
				CLANG_WARN_STRICT_PROTOTYPES = YES;
				CLANG_WARN_SUSPICIOUS_MOVE = YES;
				CLANG_WARN_UNGUARDED_AVAILABILITY = YES_AGGRESSIVE;
				CLANG_WARN_UNREACHABLE_CODE = YES;
				CLANG_WARN__DUPLICATE_METHOD_MATCH = YES;
				COPY_PHASE_STRIP = NO;
				DEBUG_INFORMATION_FORMAT = "dwarf-with-dsym";
				ENABLE_NS_ASSERTIONS = NO;
				ENABLE_STRICT_OBJC_MSGSEND = YES;
				GCC_C_LANGUAGE_STANDARD = gnu11;
				GCC_NO_COMMON_BLOCKS = YES;
				GCC_WARN_64_TO_32_BIT_CONVERSION = YES;
				GCC_WARN_ABOUT_RETURN_TYPE = YES_ERROR;
				GCC_WARN_UNDECLARED_SELECTOR = YES;
				GCC_WARN_UNINITIALIZED_AUTOS = YES_AGGRESSIVE;
				GCC_WARN_UNUSED_FUNCTION = YES;
				GCC_WARN_UNUSED_VARIABLE = YES;
				IPHONEOS_DEPLOYMENT_TARGET = 16.2;
				MTL_ENABLE_DEBUG_INFO = NO;
				MTL_FAST_MATH = YES;
				SDKROOT = iphoneos;
				SWIFT_COMPILATION_MODE = wholemodule;
				SWIFT_OPTIMIZATION_LEVEL = "-O";
				VALIDATE_PRODUCT = YES;
			};
			name = Release;
		};
		187C462E29CB115D0030A73A /* Debug */ = {
			isa = XCBuildConfiguration;
			baseConfigurationReference = CA8C8E7AFCFA956297340752 /* Pods-Instagram.debug.xcconfig */;
			buildSettings = {
				ASSETCATALOG_COMPILER_APPICON_NAME = AppIcon;
				ASSETCATALOG_COMPILER_GLOBAL_ACCENT_COLOR_NAME = AccentColor;
				CODE_SIGN_STYLE = Automatic;
				CURRENT_PROJECT_VERSION = 1;
				DEVELOPMENT_TEAM = V834C37N47;
				GENERATE_INFOPLIST_FILE = YES;
				INFOPLIST_FILE = Instagram/Info.plist;
				INFOPLIST_KEY_CFBundleDisplayName = Instagram;
				INFOPLIST_KEY_UIApplicationSupportsIndirectInputEvents = YES;
				INFOPLIST_KEY_UILaunchStoryboardName = LaunchScreen;
				INFOPLIST_KEY_UIMainStoryboardFile = "";
				INFOPLIST_KEY_UISupportedInterfaceOrientations = UIInterfaceOrientationPortrait;
				INFOPLIST_KEY_UISupportedInterfaceOrientations_iPad = "UIInterfaceOrientationLandscapeLeft UIInterfaceOrientationLandscapeRight UIInterfaceOrientationPortrait UIInterfaceOrientationPortraitUpsideDown";
				IPHONEOS_DEPLOYMENT_TARGET = 13.0;
				LD_RUNPATH_SEARCH_PATHS = (
					"$(inherited)",
					"@executable_path/Frameworks",
				);
				MARKETING_VERSION = 1.0;
				PRODUCT_BUNDLE_IDENTIFIER = AnlBRC.Instagram;
				PRODUCT_NAME = "$(TARGET_NAME)";
				SUPPORTED_PLATFORMS = "iphoneos iphonesimulator";
				SUPPORTS_MACCATALYST = NO;
				SUPPORTS_MAC_DESIGNED_FOR_IPHONE_IPAD = YES;
				SWIFT_EMIT_LOC_STRINGS = YES;
				SWIFT_VERSION = 5.0;
				TARGETED_DEVICE_FAMILY = 1;
			};
			name = Debug;
		};
		187C462F29CB115D0030A73A /* Release */ = {
			isa = XCBuildConfiguration;
			baseConfigurationReference = 0302FF2198278DA01A1DE08A /* Pods-Instagram.release.xcconfig */;
			buildSettings = {
				ASSETCATALOG_COMPILER_APPICON_NAME = AppIcon;
				ASSETCATALOG_COMPILER_GLOBAL_ACCENT_COLOR_NAME = AccentColor;
				CODE_SIGN_STYLE = Automatic;
				CURRENT_PROJECT_VERSION = 1;
				DEVELOPMENT_TEAM = V834C37N47;
				GENERATE_INFOPLIST_FILE = YES;
				INFOPLIST_FILE = Instagram/Info.plist;
				INFOPLIST_KEY_CFBundleDisplayName = Instagram;
				INFOPLIST_KEY_UIApplicationSupportsIndirectInputEvents = YES;
				INFOPLIST_KEY_UILaunchStoryboardName = LaunchScreen;
				INFOPLIST_KEY_UIMainStoryboardFile = "";
				INFOPLIST_KEY_UISupportedInterfaceOrientations = UIInterfaceOrientationPortrait;
				INFOPLIST_KEY_UISupportedInterfaceOrientations_iPad = "UIInterfaceOrientationLandscapeLeft UIInterfaceOrientationLandscapeRight UIInterfaceOrientationPortrait UIInterfaceOrientationPortraitUpsideDown";
				IPHONEOS_DEPLOYMENT_TARGET = 13.0;
				LD_RUNPATH_SEARCH_PATHS = (
					"$(inherited)",
					"@executable_path/Frameworks",
				);
				MARKETING_VERSION = 1.0;
				PRODUCT_BUNDLE_IDENTIFIER = AnlBRC.Instagram;
				PRODUCT_NAME = "$(TARGET_NAME)";
				SUPPORTED_PLATFORMS = "iphoneos iphonesimulator";
				SUPPORTS_MACCATALYST = NO;
				SUPPORTS_MAC_DESIGNED_FOR_IPHONE_IPAD = YES;
				SWIFT_EMIT_LOC_STRINGS = YES;
				SWIFT_VERSION = 5.0;
				TARGETED_DEVICE_FAMILY = 1;
			};
			name = Release;
		};
/* End XCBuildConfiguration section */

/* Begin XCConfigurationList section */
		187C461429CB115D0030A73A /* Build configuration list for PBXProject "Instagram" */ = {
			isa = XCConfigurationList;
			buildConfigurations = (
				187C462B29CB115D0030A73A /* Debug */,
				187C462C29CB115D0030A73A /* Release */,
			);
			defaultConfigurationIsVisible = 0;
			defaultConfigurationName = Release;
		};
		187C462D29CB115D0030A73A /* Build configuration list for PBXNativeTarget "Instagram" */ = {
			isa = XCConfigurationList;
			buildConfigurations = (
				187C462E29CB115D0030A73A /* Debug */,
				187C462F29CB115D0030A73A /* Release */,
			);
			defaultConfigurationIsVisible = 0;
			defaultConfigurationName = Release;
		};
/* End XCConfigurationList section */
	};
	rootObject = 187C461129CB115D0030A73A /* Project object */;
}
