// !$*UTF8*$!
{
	archiveVersion = 1;
	classes = {
	};
	objectVersion = 56;
	objects = {

/* Begin PBXBuildFile section */
		183190D029E4357300FDDF5D /* UserInfo.swift in Sources */ = {isa = PBXBuildFile; fileRef = 183190CF29E4357300FDDF5D /* UserInfo.swift */; };
		183190D229E4370F00FDDF5D /* EditProfileViewController.swift in Sources */ = {isa = PBXBuildFile; fileRef = 183190D129E4370F00FDDF5D /* EditProfileViewController.swift */; };
		1859C8C329CB17D1000E2BD3 /* ExploreViewController.swift in Sources */ = {isa = PBXBuildFile; fileRef = 1859C8C229CB17D1000E2BD3 /* ExploreViewController.swift */; };
		1859C8C529CB17DF000E2BD3 /* CameraViewController.swift in Sources */ = {isa = PBXBuildFile; fileRef = 1859C8C429CB17DF000E2BD3 /* CameraViewController.swift */; };
		1859C8C729CB17E7000E2BD3 /* NotificationsViewController.swift in Sources */ = {isa = PBXBuildFile; fileRef = 1859C8C629CB17E7000E2BD3 /* NotificationsViewController.swift */; };
		1859C8C929CB17F0000E2BD3 /* ProfileViewController.swift in Sources */ = {isa = PBXBuildFile; fileRef = 1859C8C829CB17F0000E2BD3 /* ProfileViewController.swift */; };
		1859C8CC29CB182E000E2BD3 /* TabBarViewController.swift in Sources */ = {isa = PBXBuildFile; fileRef = 1859C8CB29CB182E000E2BD3 /* TabBarViewController.swift */; };
		1859C8CF29CB185E000E2BD3 /* SignInViewController.swift in Sources */ = {isa = PBXBuildFile; fileRef = 1859C8CE29CB185E000E2BD3 /* SignInViewController.swift */; };
		1859C8D129CB187C000E2BD3 /* SignUpViewController.swift in Sources */ = {isa = PBXBuildFile; fileRef = 1859C8D029CB187C000E2BD3 /* SignUpViewController.swift */; };
		1859C8D329CB1889000E2BD3 /* CaptionViewController.swift in Sources */ = {isa = PBXBuildFile; fileRef = 1859C8D229CB1889000E2BD3 /* CaptionViewController.swift */; };
		1859C8D529CB1898000E2BD3 /* ListViewController.swift in Sources */ = {isa = PBXBuildFile; fileRef = 1859C8D429CB1898000E2BD3 /* ListViewController.swift */; };
		1859C8D729CB18A1000E2BD3 /* PostViewController.swift in Sources */ = {isa = PBXBuildFile; fileRef = 1859C8D629CB18A1000E2BD3 /* PostViewController.swift */; };
		1859C8D929CB18AF000E2BD3 /* SettingsViewController.swift in Sources */ = {isa = PBXBuildFile; fileRef = 1859C8D829CB18AF000E2BD3 /* SettingsViewController.swift */; };
		1859C8DB29CB18DC000E2BD3 /* User.swift in Sources */ = {isa = PBXBuildFile; fileRef = 1859C8DA29CB18DC000E2BD3 /* User.swift */; };
		1859C8DD29CB18E3000E2BD3 /* Post.swift in Sources */ = {isa = PBXBuildFile; fileRef = 1859C8DC29CB18E3000E2BD3 /* Post.swift */; };
		1859C8DF29CB18F1000E2BD3 /* Relationship.swift in Sources */ = {isa = PBXBuildFile; fileRef = 1859C8DE29CB18F1000E2BD3 /* Relationship.swift */; };
		1859C8E129CB1903000E2BD3 /* Notification.swift in Sources */ = {isa = PBXBuildFile; fileRef = 1859C8E029CB1903000E2BD3 /* Notification.swift */; };
		1859C8E329CB191F000E2BD3 /* AuthManager.swift in Sources */ = {isa = PBXBuildFile; fileRef = 1859C8E229CB191F000E2BD3 /* AuthManager.swift */; };
		1859C8E529CB1932000E2BD3 /* DatabaseManager.swift in Sources */ = {isa = PBXBuildFile; fileRef = 1859C8E429CB1932000E2BD3 /* DatabaseManager.swift */; };
		1859C8E729CB193A000E2BD3 /* StorageManager.swift in Sources */ = {isa = PBXBuildFile; fileRef = 1859C8E629CB193A000E2BD3 /* StorageManager.swift */; };
		1859C8E929CB1949000E2BD3 /* AnalyticsManager.swift in Sources */ = {isa = PBXBuildFile; fileRef = 1859C8E829CB1949000E2BD3 /* AnalyticsManager.swift */; };
		1859C8EB29CB1954000E2BD3 /* Haptics.swift in Sources */ = {isa = PBXBuildFile; fileRef = 1859C8EA29CB1954000E2BD3 /* Haptics.swift */; };
		1859C8ED29CB20D9000E2BD3 /* GoogleService-Info.plist in Resources */ = {isa = PBXBuildFile; fileRef = 1859C8EC29CB20D9000E2BD3 /* GoogleService-Info.plist */; };
		185A4BD429CDA4D5003B2D21 /* PosterCollectionViewCellViewModel.swift in Sources */ = {isa = PBXBuildFile; fileRef = 185A4BD329CDA4D5003B2D21 /* PosterCollectionViewCellViewModel.swift */; };
		185A4BD629CDA542003B2D21 /* PostCollectionViewCellViewModel.swift in Sources */ = {isa = PBXBuildFile; fileRef = 185A4BD529CDA542003B2D21 /* PostCollectionViewCellViewModel.swift */; };
		185A4BD829CDA583003B2D21 /* PostActionsCollectionViewCellViewModel.swift in Sources */ = {isa = PBXBuildFile; fileRef = 185A4BD729CDA583003B2D21 /* PostActionsCollectionViewCellViewModel.swift */; };
		185A4BDA29CDA5AB003B2D21 /* PostLikesCollectionViewCellViewModel.swift in Sources */ = {isa = PBXBuildFile; fileRef = 185A4BD929CDA5AB003B2D21 /* PostLikesCollectionViewCellViewModel.swift */; };
		185A4BDC29CDA5ED003B2D21 /* PostCaptionCollectionViewCellViewModel.swift in Sources */ = {isa = PBXBuildFile; fileRef = 185A4BDB29CDA5ED003B2D21 /* PostCaptionCollectionViewCellViewModel.swift */; };
		185A4BDE29CDA618003B2D21 /* PostDateTimeCollectionViewCellViewModel.swift in Sources */ = {isa = PBXBuildFile; fileRef = 185A4BDD29CDA618003B2D21 /* PostDateTimeCollectionViewCellViewModel.swift */; };
		185A4BE029CDA6B2003B2D21 /* HomeFeedCellType.swift in Sources */ = {isa = PBXBuildFile; fileRef = 185A4BDF29CDA6B2003B2D21 /* HomeFeedCellType.swift */; };
		185A4BE329CDAAF6003B2D21 /* PosterCollectionViewCell.swift in Sources */ = {isa = PBXBuildFile; fileRef = 185A4BE229CDAAF6003B2D21 /* PosterCollectionViewCell.swift */; };
		185A4BE529CDAB97003B2D21 /* PostCollectionViewCell.swift in Sources */ = {isa = PBXBuildFile; fileRef = 185A4BE429CDAB97003B2D21 /* PostCollectionViewCell.swift */; };
		185A4BE929CDABCD003B2D21 /* PostActionsCollectionViewCell.swift in Sources */ = {isa = PBXBuildFile; fileRef = 185A4BE829CDABCD003B2D21 /* PostActionsCollectionViewCell.swift */; };
		185A4BEB29CDABF3003B2D21 /* PostLikesCollectionViewCell.swift in Sources */ = {isa = PBXBuildFile; fileRef = 185A4BEA29CDABF3003B2D21 /* PostLikesCollectionViewCell.swift */; };
		185A4BED29CDAC05003B2D21 /* PostCaptionCollectionViewCell.swift in Sources */ = {isa = PBXBuildFile; fileRef = 185A4BEC29CDAC05003B2D21 /* PostCaptionCollectionViewCell.swift */; };
		185A4BEF29CDAC0E003B2D21 /* PostDateTimeCollectionViewCell.swift in Sources */ = {isa = PBXBuildFile; fileRef = 185A4BEE29CDAC0E003B2D21 /* PostDateTimeCollectionViewCell.swift */; };
		185AC40E29D703CF00D417DB /* ProfileHeaderCollectionReusableView.swift in Sources */ = {isa = PBXBuildFile; fileRef = 185AC40D29D703CF00D417DB /* ProfileHeaderCollectionReusableView.swift */; };
		185AC41029D7044000D417DB /* ProfileHeaderViewModel.swift in Sources */ = {isa = PBXBuildFile; fileRef = 185AC40F29D7044000D417DB /* ProfileHeaderViewModel.swift */; };
		1861D13229E6C4E900C46416 /* IGFollowButton.swift in Sources */ = {isa = PBXBuildFile; fileRef = 1861D13129E6C4E900C46416 /* IGFollowButton.swift */; };
		1861D13429E6D5D000C46416 /* ListUserTableViewCell.swift in Sources */ = {isa = PBXBuildFile; fileRef = 1861D13329E6D5D000C46416 /* ListUserTableViewCell.swift */; };
		1861D13629E6D80E00C46416 /* ListUserTableViewCellViewModel.swift in Sources */ = {isa = PBXBuildFile; fileRef = 1861D13529E6D80E00C46416 /* ListUserTableViewCellViewModel.swift */; };
		1863380C29D2FE840009D94F /* PostEditViewController.swift in Sources */ = {isa = PBXBuildFile; fileRef = 1863380B29D2FE840009D94F /* PostEditViewController.swift */; };
		1863380E29D306CB0009D94F /* PhotoCollectionViewCell.swift in Sources */ = {isa = PBXBuildFile; fileRef = 1863380D29D306CB0009D94F /* PhotoCollectionViewCell.swift */; };
		187C461D29CB115D0030A73A /* AppDelegate.swift in Sources */ = {isa = PBXBuildFile; fileRef = 187C461C29CB115D0030A73A /* AppDelegate.swift */; };
		187C461F29CB115D0030A73A /* SceneDelegate.swift in Sources */ = {isa = PBXBuildFile; fileRef = 187C461E29CB115D0030A73A /* SceneDelegate.swift */; };
		187C462129CB115D0030A73A /* HomeViewController.swift in Sources */ = {isa = PBXBuildFile; fileRef = 187C462029CB115D0030A73A /* HomeViewController.swift */; };
		187C462629CB115D0030A73A /* Assets.xcassets in Resources */ = {isa = PBXBuildFile; fileRef = 187C462529CB115D0030A73A /* Assets.xcassets */; };
		187C462929CB115D0030A73A /* LaunchScreen.storyboard in Resources */ = {isa = PBXBuildFile; fileRef = 187C462729CB115D0030A73A /* LaunchScreen.storyboard */; };
		188F84CF29DC3B710012C3A6 /* ProfileHeaderCountView.swift in Sources */ = {isa = PBXBuildFile; fileRef = 188F84CE29DC3B710012C3A6 /* ProfileHeaderCountView.swift */; };
		188F84D429DC4C6D0012C3A6 /* ProfileHeaderCountViewViewModel.swift in Sources */ = {isa = PBXBuildFile; fileRef = 188F84D329DC4C6D0012C3A6 /* ProfileHeaderCountViewViewModel.swift */; };
		18ACF43629D4213E00B5CFC5 /* SearchResultsViewController.swift in Sources */ = {isa = PBXBuildFile; fileRef = 18ACF43529D4213E00B5CFC5 /* SearchResultsViewController.swift */; };
		18ACF43929D43F0300B5CFC5 /* FollowNotificationTableViewCell.swift in Sources */ = {isa = PBXBuildFile; fileRef = 18ACF43829D43F0300B5CFC5 /* FollowNotificationTableViewCell.swift */; };
		18ACF43B29D43F2D00B5CFC5 /* LikeNotificationTableViewCell.swift in Sources */ = {isa = PBXBuildFile; fileRef = 18ACF43A29D43F2D00B5CFC5 /* LikeNotificationTableViewCell.swift */; };
		18ACF43D29D43F4500B5CFC5 /* CommentNotificationTableViewCell.swift in Sources */ = {isa = PBXBuildFile; fileRef = 18ACF43C29D43F4500B5CFC5 /* CommentNotificationTableViewCell.swift */; };
		18ACF43F29D440A200B5CFC5 /* NotificationManager.swift in Sources */ = {isa = PBXBuildFile; fileRef = 18ACF43E29D440A200B5CFC5 /* NotificationManager.swift */; };
		18D19BC029CB2E9100017DA2 /* SignInHeaderView.swift in Sources */ = {isa = PBXBuildFile; fileRef = 18D19BBF29CB2E9100017DA2 /* SignInHeaderView.swift */; };
		18D19BC229CB2F6D00017DA2 /* Extensions.swift in Sources */ = {isa = PBXBuildFile; fileRef = 18D19BC129CB2F6D00017DA2 /* Extensions.swift */; };
		18D19BC429CB338B00017DA2 /* IGTextField.swift in Sources */ = {isa = PBXBuildFile; fileRef = 18D19BC329CB338B00017DA2 /* IGTextField.swift */; };
		18F7902B29D4489500D55755 /* NotificationCelltype.swift in Sources */ = {isa = PBXBuildFile; fileRef = 18F7902A29D4489500D55755 /* NotificationCelltype.swift */; };
		18F7902D29D448D200D55755 /* NotificationCellViewModels.swift in Sources */ = {isa = PBXBuildFile; fileRef = 18F7902C29D448D200D55755 /* NotificationCellViewModels.swift */; };
		E6B5189EE3D44F4A2357FBCD /* Pods_Instagram.framework in Frameworks */ = {isa = PBXBuildFile; fileRef = 0030BF651F8C1A29C13B05D5 /* Pods_Instagram.framework */; };
/* End PBXBuildFile section */

/* Begin PBXFileReference section */
		0030BF651F8C1A29C13B05D5 /* Pods_Instagram.framework */ = {isa = PBXFileReference; explicitFileType = wrapper.framework; includeInIndex = 0; path = Pods_Instagram.framework; sourceTree = BUILT_PRODUCTS_DIR; };
		0A5FD8F33FD830B528739A0F /* Pods-Instagram.release.xcconfig */ = {isa = PBXFileReference; includeInIndex = 1; lastKnownFileType = text.xcconfig; name = "Pods-Instagram.release.xcconfig"; path = "Target Support Files/Pods-Instagram/Pods-Instagram.release.xcconfig"; sourceTree = "<group>"; };
		183190CF29E4357300FDDF5D /* UserInfo.swift */ = {isa = PBXFileReference; lastKnownFileType = sourcecode.swift; path = UserInfo.swift; sourceTree = "<group>"; };
		183190D129E4370F00FDDF5D /* EditProfileViewController.swift */ = {isa = PBXFileReference; lastKnownFileType = sourcecode.swift; path = EditProfileViewController.swift; sourceTree = "<group>"; };
		1859C8C229CB17D1000E2BD3 /* ExploreViewController.swift */ = {isa = PBXFileReference; lastKnownFileType = sourcecode.swift; path = ExploreViewController.swift; sourceTree = "<group>"; };
		1859C8C429CB17DF000E2BD3 /* CameraViewController.swift */ = {isa = PBXFileReference; lastKnownFileType = sourcecode.swift; path = CameraViewController.swift; sourceTree = "<group>"; };
		1859C8C629CB17E7000E2BD3 /* NotificationsViewController.swift */ = {isa = PBXFileReference; lastKnownFileType = sourcecode.swift; path = NotificationsViewController.swift; sourceTree = "<group>"; };
		1859C8C829CB17F0000E2BD3 /* ProfileViewController.swift */ = {isa = PBXFileReference; lastKnownFileType = sourcecode.swift; path = ProfileViewController.swift; sourceTree = "<group>"; };
		1859C8CB29CB182E000E2BD3 /* TabBarViewController.swift */ = {isa = PBXFileReference; lastKnownFileType = sourcecode.swift; path = TabBarViewController.swift; sourceTree = "<group>"; };
		1859C8CE29CB185E000E2BD3 /* SignInViewController.swift */ = {isa = PBXFileReference; lastKnownFileType = sourcecode.swift; path = SignInViewController.swift; sourceTree = "<group>"; };
		1859C8D029CB187C000E2BD3 /* SignUpViewController.swift */ = {isa = PBXFileReference; lastKnownFileType = sourcecode.swift; path = SignUpViewController.swift; sourceTree = "<group>"; };
		1859C8D229CB1889000E2BD3 /* CaptionViewController.swift */ = {isa = PBXFileReference; lastKnownFileType = sourcecode.swift; path = CaptionViewController.swift; sourceTree = "<group>"; };
		1859C8D429CB1898000E2BD3 /* ListViewController.swift */ = {isa = PBXFileReference; lastKnownFileType = sourcecode.swift; path = ListViewController.swift; sourceTree = "<group>"; };
		1859C8D629CB18A1000E2BD3 /* PostViewController.swift */ = {isa = PBXFileReference; lastKnownFileType = sourcecode.swift; path = PostViewController.swift; sourceTree = "<group>"; };
		1859C8D829CB18AF000E2BD3 /* SettingsViewController.swift */ = {isa = PBXFileReference; lastKnownFileType = sourcecode.swift; path = SettingsViewController.swift; sourceTree = "<group>"; };
		1859C8DA29CB18DC000E2BD3 /* User.swift */ = {isa = PBXFileReference; lastKnownFileType = sourcecode.swift; path = User.swift; sourceTree = "<group>"; };
		1859C8DC29CB18E3000E2BD3 /* Post.swift */ = {isa = PBXFileReference; lastKnownFileType = sourcecode.swift; path = Post.swift; sourceTree = "<group>"; };
		1859C8DE29CB18F1000E2BD3 /* Relationship.swift */ = {isa = PBXFileReference; lastKnownFileType = sourcecode.swift; path = Relationship.swift; sourceTree = "<group>"; };
		1859C8E029CB1903000E2BD3 /* Notification.swift */ = {isa = PBXFileReference; lastKnownFileType = sourcecode.swift; path = Notification.swift; sourceTree = "<group>"; };
		1859C8E229CB191F000E2BD3 /* AuthManager.swift */ = {isa = PBXFileReference; lastKnownFileType = sourcecode.swift; path = AuthManager.swift; sourceTree = "<group>"; };
		1859C8E429CB1932000E2BD3 /* DatabaseManager.swift */ = {isa = PBXFileReference; lastKnownFileType = sourcecode.swift; path = DatabaseManager.swift; sourceTree = "<group>"; };
		1859C8E629CB193A000E2BD3 /* StorageManager.swift */ = {isa = PBXFileReference; lastKnownFileType = sourcecode.swift; path = StorageManager.swift; sourceTree = "<group>"; };
		1859C8E829CB1949000E2BD3 /* AnalyticsManager.swift */ = {isa = PBXFileReference; lastKnownFileType = sourcecode.swift; path = AnalyticsManager.swift; sourceTree = "<group>"; };
		1859C8EA29CB1954000E2BD3 /* Haptics.swift */ = {isa = PBXFileReference; lastKnownFileType = sourcecode.swift; path = Haptics.swift; sourceTree = "<group>"; };
		1859C8EC29CB20D9000E2BD3 /* GoogleService-Info.plist */ = {isa = PBXFileReference; fileEncoding = 4; lastKnownFileType = text.plist.xml; path = "GoogleService-Info.plist"; sourceTree = "<group>"; };
		185A4BD329CDA4D5003B2D21 /* PosterCollectionViewCellViewModel.swift */ = {isa = PBXFileReference; lastKnownFileType = sourcecode.swift; path = PosterCollectionViewCellViewModel.swift; sourceTree = "<group>"; };
		185A4BD529CDA542003B2D21 /* PostCollectionViewCellViewModel.swift */ = {isa = PBXFileReference; lastKnownFileType = sourcecode.swift; path = PostCollectionViewCellViewModel.swift; sourceTree = "<group>"; };
		185A4BD729CDA583003B2D21 /* PostActionsCollectionViewCellViewModel.swift */ = {isa = PBXFileReference; lastKnownFileType = sourcecode.swift; path = PostActionsCollectionViewCellViewModel.swift; sourceTree = "<group>"; };
		185A4BD929CDA5AB003B2D21 /* PostLikesCollectionViewCellViewModel.swift */ = {isa = PBXFileReference; lastKnownFileType = sourcecode.swift; path = PostLikesCollectionViewCellViewModel.swift; sourceTree = "<group>"; };
		185A4BDB29CDA5ED003B2D21 /* PostCaptionCollectionViewCellViewModel.swift */ = {isa = PBXFileReference; lastKnownFileType = sourcecode.swift; path = PostCaptionCollectionViewCellViewModel.swift; sourceTree = "<group>"; };
		185A4BDD29CDA618003B2D21 /* PostDateTimeCollectionViewCellViewModel.swift */ = {isa = PBXFileReference; lastKnownFileType = sourcecode.swift; path = PostDateTimeCollectionViewCellViewModel.swift; sourceTree = "<group>"; };
		185A4BDF29CDA6B2003B2D21 /* HomeFeedCellType.swift */ = {isa = PBXFileReference; lastKnownFileType = sourcecode.swift; path = HomeFeedCellType.swift; sourceTree = "<group>"; };
		185A4BE229CDAAF6003B2D21 /* PosterCollectionViewCell.swift */ = {isa = PBXFileReference; lastKnownFileType = sourcecode.swift; path = PosterCollectionViewCell.swift; sourceTree = "<group>"; };
		185A4BE429CDAB97003B2D21 /* PostCollectionViewCell.swift */ = {isa = PBXFileReference; lastKnownFileType = sourcecode.swift; path = PostCollectionViewCell.swift; sourceTree = "<group>"; };
		185A4BE829CDABCD003B2D21 /* PostActionsCollectionViewCell.swift */ = {isa = PBXFileReference; lastKnownFileType = sourcecode.swift; path = PostActionsCollectionViewCell.swift; sourceTree = "<group>"; };
		185A4BEA29CDABF3003B2D21 /* PostLikesCollectionViewCell.swift */ = {isa = PBXFileReference; lastKnownFileType = sourcecode.swift; path = PostLikesCollectionViewCell.swift; sourceTree = "<group>"; };
		185A4BEC29CDAC05003B2D21 /* PostCaptionCollectionViewCell.swift */ = {isa = PBXFileReference; lastKnownFileType = sourcecode.swift; path = PostCaptionCollectionViewCell.swift; sourceTree = "<group>"; };
		185A4BEE29CDAC0E003B2D21 /* PostDateTimeCollectionViewCell.swift */ = {isa = PBXFileReference; lastKnownFileType = sourcecode.swift; path = PostDateTimeCollectionViewCell.swift; sourceTree = "<group>"; };
		185AC40D29D703CF00D417DB /* ProfileHeaderCollectionReusableView.swift */ = {isa = PBXFileReference; lastKnownFileType = sourcecode.swift; path = ProfileHeaderCollectionReusableView.swift; sourceTree = "<group>"; };
		185AC40F29D7044000D417DB /* ProfileHeaderViewModel.swift */ = {isa = PBXFileReference; lastKnownFileType = sourcecode.swift; path = ProfileHeaderViewModel.swift; sourceTree = "<group>"; };
		1861D13129E6C4E900C46416 /* IGFollowButton.swift */ = {isa = PBXFileReference; lastKnownFileType = sourcecode.swift; path = IGFollowButton.swift; sourceTree = "<group>"; };
		1861D13329E6D5D000C46416 /* ListUserTableViewCell.swift */ = {isa = PBXFileReference; lastKnownFileType = sourcecode.swift; path = ListUserTableViewCell.swift; sourceTree = "<group>"; };
		1861D13529E6D80E00C46416 /* ListUserTableViewCellViewModel.swift */ = {isa = PBXFileReference; lastKnownFileType = sourcecode.swift; path = ListUserTableViewCellViewModel.swift; sourceTree = "<group>"; };
		1863380B29D2FE840009D94F /* PostEditViewController.swift */ = {isa = PBXFileReference; lastKnownFileType = sourcecode.swift; path = PostEditViewController.swift; sourceTree = "<group>"; };
		1863380D29D306CB0009D94F /* PhotoCollectionViewCell.swift */ = {isa = PBXFileReference; lastKnownFileType = sourcecode.swift; path = PhotoCollectionViewCell.swift; sourceTree = "<group>"; };
		187C461929CB115D0030A73A /* Instagram.app */ = {isa = PBXFileReference; explicitFileType = wrapper.application; includeInIndex = 0; path = Instagram.app; sourceTree = BUILT_PRODUCTS_DIR; };
		187C461C29CB115D0030A73A /* AppDelegate.swift */ = {isa = PBXFileReference; lastKnownFileType = sourcecode.swift; path = AppDelegate.swift; sourceTree = "<group>"; };
		187C461E29CB115D0030A73A /* SceneDelegate.swift */ = {isa = PBXFileReference; lastKnownFileType = sourcecode.swift; path = SceneDelegate.swift; sourceTree = "<group>"; };
		187C462029CB115D0030A73A /* HomeViewController.swift */ = {isa = PBXFileReference; lastKnownFileType = sourcecode.swift; path = HomeViewController.swift; sourceTree = "<group>"; };
		187C462529CB115D0030A73A /* Assets.xcassets */ = {isa = PBXFileReference; lastKnownFileType = folder.assetcatalog; path = Assets.xcassets; sourceTree = "<group>"; };
		187C462829CB115D0030A73A /* Base */ = {isa = PBXFileReference; lastKnownFileType = file.storyboard; name = Base; path = Base.lproj/LaunchScreen.storyboard; sourceTree = "<group>"; };
		187C462A29CB115D0030A73A /* Info.plist */ = {isa = PBXFileReference; lastKnownFileType = text.plist.xml; path = Info.plist; sourceTree = "<group>"; };
		188F84CE29DC3B710012C3A6 /* ProfileHeaderCountView.swift */ = {isa = PBXFileReference; lastKnownFileType = sourcecode.swift; path = ProfileHeaderCountView.swift; sourceTree = "<group>"; };
		188F84D329DC4C6D0012C3A6 /* ProfileHeaderCountViewViewModel.swift */ = {isa = PBXFileReference; lastKnownFileType = sourcecode.swift; path = ProfileHeaderCountViewViewModel.swift; sourceTree = "<group>"; };
		18ACF43529D4213E00B5CFC5 /* SearchResultsViewController.swift */ = {isa = PBXFileReference; lastKnownFileType = sourcecode.swift; path = SearchResultsViewController.swift; sourceTree = "<group>"; };
		18ACF43829D43F0300B5CFC5 /* FollowNotificationTableViewCell.swift */ = {isa = PBXFileReference; lastKnownFileType = sourcecode.swift; path = FollowNotificationTableViewCell.swift; sourceTree = "<group>"; };
		18ACF43A29D43F2D00B5CFC5 /* LikeNotificationTableViewCell.swift */ = {isa = PBXFileReference; lastKnownFileType = sourcecode.swift; path = LikeNotificationTableViewCell.swift; sourceTree = "<group>"; };
		18ACF43C29D43F4500B5CFC5 /* CommentNotificationTableViewCell.swift */ = {isa = PBXFileReference; lastKnownFileType = sourcecode.swift; path = CommentNotificationTableViewCell.swift; sourceTree = "<group>"; };
		18ACF43E29D440A200B5CFC5 /* NotificationManager.swift */ = {isa = PBXFileReference; lastKnownFileType = sourcecode.swift; path = NotificationManager.swift; sourceTree = "<group>"; };
		18D19BBF29CB2E9100017DA2 /* SignInHeaderView.swift */ = {isa = PBXFileReference; lastKnownFileType = sourcecode.swift; path = SignInHeaderView.swift; sourceTree = "<group>"; };
		18D19BC129CB2F6D00017DA2 /* Extensions.swift */ = {isa = PBXFileReference; lastKnownFileType = sourcecode.swift; path = Extensions.swift; sourceTree = "<group>"; };
		18D19BC329CB338B00017DA2 /* IGTextField.swift */ = {isa = PBXFileReference; lastKnownFileType = sourcecode.swift; path = IGTextField.swift; sourceTree = "<group>"; };
		18D19BC629CB432F00017DA2 /* Instagram.entitlements */ = {isa = PBXFileReference; lastKnownFileType = text.plist.entitlements; path = Instagram.entitlements; sourceTree = "<group>"; };
		18F7902A29D4489500D55755 /* NotificationCelltype.swift */ = {isa = PBXFileReference; lastKnownFileType = sourcecode.swift; path = NotificationCelltype.swift; sourceTree = "<group>"; };
		18F7902C29D448D200D55755 /* NotificationCellViewModels.swift */ = {isa = PBXFileReference; lastKnownFileType = sourcecode.swift; path = NotificationCellViewModels.swift; sourceTree = "<group>"; };
		4461663158ED0D96179F2131 /* Pods-Instagram.debug.xcconfig */ = {isa = PBXFileReference; includeInIndex = 1; lastKnownFileType = text.xcconfig; name = "Pods-Instagram.debug.xcconfig"; path = "Target Support Files/Pods-Instagram/Pods-Instagram.debug.xcconfig"; sourceTree = "<group>"; };
/* End PBXFileReference section */

/* Begin PBXFrameworksBuildPhase section */
		187C461629CB115D0030A73A /* Frameworks */ = {
			isa = PBXFrameworksBuildPhase;
			buildActionMask = 2147483647;
			files = (
				E6B5189EE3D44F4A2357FBCD /* Pods_Instagram.framework in Frameworks */,
			);
			runOnlyForDeploymentPostprocessing = 0;
		};
/* End PBXFrameworksBuildPhase section */

/* Begin PBXGroup section */
		1859C8BC29CB14A2000E2BD3 /* Controllers */ = {
			isa = PBXGroup;
			children = (
				1859C8CD29CB1837000E2BD3 /* Other */,
				1859C8CA29CB17FE000E2BD3 /* Core */,
			);
			path = Controllers;
			sourceTree = "<group>";
		};
		1859C8BD29CB14B2000E2BD3 /* Views */ = {
			isa = PBXGroup;
			children = (
				18ACF43729D43EE200B5CFC5 /* Notifications Cells */,
				185A4BE129CDAADE003B2D21 /* Home Cells */,
				187C462729CB115D0030A73A /* LaunchScreen.storyboard */,
				18D19BBF29CB2E9100017DA2 /* SignInHeaderView.swift */,
				18D19BC329CB338B00017DA2 /* IGTextField.swift */,
				1863380D29D306CB0009D94F /* PhotoCollectionViewCell.swift */,
				185AC40D29D703CF00D417DB /* ProfileHeaderCollectionReusableView.swift */,
				188F84CE29DC3B710012C3A6 /* ProfileHeaderCountView.swift */,
				1861D13129E6C4E900C46416 /* IGFollowButton.swift */,
				1861D13329E6D5D000C46416 /* ListUserTableViewCell.swift */,
			);
			path = Views;
			sourceTree = "<group>";
		};
		1859C8BE29CB14B8000E2BD3 /* Models */ = {
			isa = PBXGroup;
			children = (
				1859C8DA29CB18DC000E2BD3 /* User.swift */,
				1859C8DC29CB18E3000E2BD3 /* Post.swift */,
				1859C8DE29CB18F1000E2BD3 /* Relationship.swift */,
				1859C8E029CB1903000E2BD3 /* Notification.swift */,
				185A4BDF29CDA6B2003B2D21 /* HomeFeedCellType.swift */,
				18F7902A29D4489500D55755 /* NotificationCelltype.swift */,
				183190CF29E4357300FDDF5D /* UserInfo.swift */,
			);
			path = Models;
			sourceTree = "<group>";
		};
		1859C8BF29CB14BE000E2BD3 /* ViewModels */ = {
			isa = PBXGroup;
			children = (
				185A4BD329CDA4D5003B2D21 /* PosterCollectionViewCellViewModel.swift */,
				185A4BD529CDA542003B2D21 /* PostCollectionViewCellViewModel.swift */,
				185A4BD729CDA583003B2D21 /* PostActionsCollectionViewCellViewModel.swift */,
				185A4BD929CDA5AB003B2D21 /* PostLikesCollectionViewCellViewModel.swift */,
				185A4BDB29CDA5ED003B2D21 /* PostCaptionCollectionViewCellViewModel.swift */,
				185A4BDD29CDA618003B2D21 /* PostDateTimeCollectionViewCellViewModel.swift */,
				18F7902C29D448D200D55755 /* NotificationCellViewModels.swift */,
				185AC40F29D7044000D417DB /* ProfileHeaderViewModel.swift */,
				188F84D329DC4C6D0012C3A6 /* ProfileHeaderCountViewViewModel.swift */,
				1861D13529E6D80E00C46416 /* ListUserTableViewCellViewModel.swift */,
			);
			path = ViewModels;
			sourceTree = "<group>";
		};
		1859C8C029CB14C6000E2BD3 /* Managers */ = {
			isa = PBXGroup;
			children = (
				1859C8E229CB191F000E2BD3 /* AuthManager.swift */,
				1859C8E429CB1932000E2BD3 /* DatabaseManager.swift */,
				1859C8E629CB193A000E2BD3 /* StorageManager.swift */,
				1859C8E829CB1949000E2BD3 /* AnalyticsManager.swift */,
				1859C8EA29CB1954000E2BD3 /* Haptics.swift */,
				18ACF43E29D440A200B5CFC5 /* NotificationManager.swift */,
			);
			path = Managers;
			sourceTree = "<group>";
		};
		1859C8C129CB14D0000E2BD3 /* Resources */ = {
			isa = PBXGroup;
			children = (
				1859C8EC29CB20D9000E2BD3 /* GoogleService-Info.plist */,
				187C462529CB115D0030A73A /* Assets.xcassets */,
				187C461C29CB115D0030A73A /* AppDelegate.swift */,
				187C461E29CB115D0030A73A /* SceneDelegate.swift */,
				18D19BC129CB2F6D00017DA2 /* Extensions.swift */,
			);
			path = Resources;
			sourceTree = "<group>";
		};
		1859C8CA29CB17FE000E2BD3 /* Core */ = {
			isa = PBXGroup;
			children = (
				187C462029CB115D0030A73A /* HomeViewController.swift */,
				1859C8C229CB17D1000E2BD3 /* ExploreViewController.swift */,
				1859C8C429CB17DF000E2BD3 /* CameraViewController.swift */,
				1859C8C629CB17E7000E2BD3 /* NotificationsViewController.swift */,
				1859C8C829CB17F0000E2BD3 /* ProfileViewController.swift */,
				1859C8CB29CB182E000E2BD3 /* TabBarViewController.swift */,
			);
			path = Core;
			sourceTree = "<group>";
		};
		1859C8CD29CB1837000E2BD3 /* Other */ = {
			isa = PBXGroup;
			children = (
				1859C8CE29CB185E000E2BD3 /* SignInViewController.swift */,
				1859C8D029CB187C000E2BD3 /* SignUpViewController.swift */,
				1859C8D229CB1889000E2BD3 /* CaptionViewController.swift */,
				1859C8D429CB1898000E2BD3 /* ListViewController.swift */,
				1859C8D629CB18A1000E2BD3 /* PostViewController.swift */,
				1859C8D829CB18AF000E2BD3 /* SettingsViewController.swift */,
				1863380B29D2FE840009D94F /* PostEditViewController.swift */,
				18ACF43529D4213E00B5CFC5 /* SearchResultsViewController.swift */,
				183190D129E4370F00FDDF5D /* EditProfileViewController.swift */,
			);
			path = Other;
			sourceTree = "<group>";
		};
		185A4BE129CDAADE003B2D21 /* Home Cells */ = {
			isa = PBXGroup;
			children = (
				185A4BE229CDAAF6003B2D21 /* PosterCollectionViewCell.swift */,
				185A4BE429CDAB97003B2D21 /* PostCollectionViewCell.swift */,
				185A4BE829CDABCD003B2D21 /* PostActionsCollectionViewCell.swift */,
				185A4BEA29CDABF3003B2D21 /* PostLikesCollectionViewCell.swift */,
				185A4BEC29CDAC05003B2D21 /* PostCaptionCollectionViewCell.swift */,
				185A4BEE29CDAC0E003B2D21 /* PostDateTimeCollectionViewCell.swift */,
			);
			path = "Home Cells";
			sourceTree = "<group>";
		};
		187C461029CB115D0030A73A = {
			isa = PBXGroup;
			children = (
				187C461B29CB115D0030A73A /* Instagram */,
				187C461A29CB115D0030A73A /* Products */,
				E6F8AE758BB4023A857DBFB5 /* Pods */,
				66E5143AC01B40AD7782CE05 /* Frameworks */,
			);
			sourceTree = "<group>";
		};
		187C461A29CB115D0030A73A /* Products */ = {
			isa = PBXGroup;
			children = (
				187C461929CB115D0030A73A /* Instagram.app */,
			);
			name = Products;
			sourceTree = "<group>";
		};
		187C461B29CB115D0030A73A /* Instagram */ = {
			isa = PBXGroup;
			children = (
				18D19BC629CB432F00017DA2 /* Instagram.entitlements */,
				1859C8C129CB14D0000E2BD3 /* Resources */,
				1859C8C029CB14C6000E2BD3 /* Managers */,
				1859C8BF29CB14BE000E2BD3 /* ViewModels */,
				1859C8BE29CB14B8000E2BD3 /* Models */,
				1859C8BD29CB14B2000E2BD3 /* Views */,
				1859C8BC29CB14A2000E2BD3 /* Controllers */,
				187C462A29CB115D0030A73A /* Info.plist */,
			);
			path = Instagram;
			sourceTree = "<group>";
		};
		18ACF43729D43EE200B5CFC5 /* Notifications Cells */ = {
			isa = PBXGroup;
			children = (
				18ACF43829D43F0300B5CFC5 /* FollowNotificationTableViewCell.swift */,
				18ACF43A29D43F2D00B5CFC5 /* LikeNotificationTableViewCell.swift */,
				18ACF43C29D43F4500B5CFC5 /* CommentNotificationTableViewCell.swift */,
			);
			path = "Notifications Cells";
			sourceTree = "<group>";
		};
		66E5143AC01B40AD7782CE05 /* Frameworks */ = {
			isa = PBXGroup;
			children = (
				0030BF651F8C1A29C13B05D5 /* Pods_Instagram.framework */,
			);
			name = Frameworks;
			sourceTree = "<group>";
		};
		E6F8AE758BB4023A857DBFB5 /* Pods */ = {
			isa = PBXGroup;
			children = (
				4461663158ED0D96179F2131 /* Pods-Instagram.debug.xcconfig */,
				0A5FD8F33FD830B528739A0F /* Pods-Instagram.release.xcconfig */,
			);
			path = Pods;
			sourceTree = "<group>";
		};
/* End PBXGroup section */

/* Begin PBXNativeTarget section */
		187C461829CB115D0030A73A /* Instagram */ = {
			isa = PBXNativeTarget;
			buildConfigurationList = 187C462D29CB115D0030A73A /* Build configuration list for PBXNativeTarget "Instagram" */;
			buildPhases = (
				C1A3CFA39CACDC1FE818FF9E /* [CP] Check Pods Manifest.lock */,
				187C461529CB115D0030A73A /* Sources */,
				187C461629CB115D0030A73A /* Frameworks */,
				187C461729CB115D0030A73A /* Resources */,
				F52B63A00D3D7384800EC731 /* [CP] Embed Pods Frameworks */,
			);
			buildRules = (
			);
			dependencies = (
			);
			name = Instagram;
			productName = Instagram;
			productReference = 187C461929CB115D0030A73A /* Instagram.app */;
			productType = "com.apple.product-type.application";
		};
/* End PBXNativeTarget section */

/* Begin PBXProject section */
		187C461129CB115D0030A73A /* Project object */ = {
			isa = PBXProject;
			attributes = {
				BuildIndependentTargetsInParallel = 1;
				LastSwiftUpdateCheck = 1420;
				LastUpgradeCheck = 1420;
				TargetAttributes = {
					187C461829CB115D0030A73A = {
						CreatedOnToolsVersion = 14.2;
					};
				};
			};
			buildConfigurationList = 187C461429CB115D0030A73A /* Build configuration list for PBXProject "Instagram" */;
			compatibilityVersion = "Xcode 14.0";
			developmentRegion = en;
			hasScannedForEncodings = 0;
			knownRegions = (
				en,
				Base,
			);
			mainGroup = 187C461029CB115D0030A73A;
			productRefGroup = 187C461A29CB115D0030A73A /* Products */;
			projectDirPath = "";
			projectRoot = "";
			targets = (
				187C461829CB115D0030A73A /* Instagram */,
			);
		};
/* End PBXProject section */

/* Begin PBXResourcesBuildPhase section */
		187C461729CB115D0030A73A /* Resources */ = {
			isa = PBXResourcesBuildPhase;
			buildActionMask = 2147483647;
			files = (
				187C462929CB115D0030A73A /* LaunchScreen.storyboard in Resources */,
				187C462629CB115D0030A73A /* Assets.xcassets in Resources */,
				1859C8ED29CB20D9000E2BD3 /* GoogleService-Info.plist in Resources */,
			);
			runOnlyForDeploymentPostprocessing = 0;
		};
/* End PBXResourcesBuildPhase section */

/* Begin PBXShellScriptBuildPhase section */
		C1A3CFA39CACDC1FE818FF9E /* [CP] Check Pods Manifest.lock */ = {
			isa = PBXShellScriptBuildPhase;
			buildActionMask = 2147483647;
			files = (
			);
			inputFileListPaths = (
			);
			inputPaths = (
				"${PODS_PODFILE_DIR_PATH}/Podfile.lock",
				"${PODS_ROOT}/Manifest.lock",
			);
			name = "[CP] Check Pods Manifest.lock";
			outputFileListPaths = (
			);
			outputPaths = (
				"$(DERIVED_FILE_DIR)/Pods-Instagram-checkManifestLockResult.txt",
			);
			runOnlyForDeploymentPostprocessing = 0;
			shellPath = /bin/sh;
			shellScript = "diff \"${PODS_PODFILE_DIR_PATH}/Podfile.lock\" \"${PODS_ROOT}/Manifest.lock\" > /dev/null\nif [ $? != 0 ] ; then\n    # print error to STDERR\n    echo \"error: The sandbox is not in sync with the Podfile.lock. Run 'pod install' or update your CocoaPods installation.\" >&2\n    exit 1\nfi\n# This output is used by Xcode 'outputs' to avoid re-running this script phase.\necho \"SUCCESS\" > \"${SCRIPT_OUTPUT_FILE_0}\"\n";
			showEnvVarsInLog = 0;
		};
		F52B63A00D3D7384800EC731 /* [CP] Embed Pods Frameworks */ = {
			isa = PBXShellScriptBuildPhase;
			buildActionMask = 2147483647;
			files = (
			);
			inputFileListPaths = (
				"${PODS_ROOT}/Target Support Files/Pods-Instagram/Pods-Instagram-frameworks-${CONFIGURATION}-input-files.xcfilelist",
			);
			name = "[CP] Embed Pods Frameworks";
			outputFileListPaths = (
				"${PODS_ROOT}/Target Support Files/Pods-Instagram/Pods-Instagram-frameworks-${CONFIGURATION}-output-files.xcfilelist",
			);
			runOnlyForDeploymentPostprocessing = 0;
			shellPath = /bin/sh;
			shellScript = "\"${PODS_ROOT}/Target Support Files/Pods-Instagram/Pods-Instagram-frameworks.sh\"\n";
			showEnvVarsInLog = 0;
		};
/* End PBXShellScriptBuildPhase section */

/* Begin PBXSourcesBuildPhase section */
		187C461529CB115D0030A73A /* Sources */ = {
			isa = PBXSourcesBuildPhase;
			buildActionMask = 2147483647;
			files = (
				1859C8D329CB1889000E2BD3 /* CaptionViewController.swift in Sources */,
				185A4BEB29CDABF3003B2D21 /* PostLikesCollectionViewCell.swift in Sources */,
				1859C8CC29CB182E000E2BD3 /* TabBarViewController.swift in Sources */,
				188F84CF29DC3B710012C3A6 /* ProfileHeaderCountView.swift in Sources */,
				185AC40E29D703CF00D417DB /* ProfileHeaderCollectionReusableView.swift in Sources */,
				1859C8E129CB1903000E2BD3 /* Notification.swift in Sources */,
				1859C8D529CB1898000E2BD3 /* ListViewController.swift in Sources */,
				1861D13229E6C4E900C46416 /* IGFollowButton.swift in Sources */,
				1859C8E729CB193A000E2BD3 /* StorageManager.swift in Sources */,
				18ACF43929D43F0300B5CFC5 /* FollowNotificationTableViewCell.swift in Sources */,
				18ACF43D29D43F4500B5CFC5 /* CommentNotificationTableViewCell.swift in Sources */,
				185A4BE529CDAB97003B2D21 /* PostCollectionViewCell.swift in Sources */,
				1859C8D729CB18A1000E2BD3 /* PostViewController.swift in Sources */,
				1859C8C329CB17D1000E2BD3 /* ExploreViewController.swift in Sources */,
				185A4BE929CDABCD003B2D21 /* PostActionsCollectionViewCell.swift in Sources */,
				1859C8C529CB17DF000E2BD3 /* CameraViewController.swift in Sources */,
				1859C8E929CB1949000E2BD3 /* AnalyticsManager.swift in Sources */,
				187C462129CB115D0030A73A /* HomeViewController.swift in Sources */,
				1859C8D129CB187C000E2BD3 /* SignUpViewController.swift in Sources */,
				1859C8DB29CB18DC000E2BD3 /* User.swift in Sources */,
				1859C8C729CB17E7000E2BD3 /* NotificationsViewController.swift in Sources */,
				18F7902D29D448D200D55755 /* NotificationCellViewModels.swift in Sources */,
				18D19BC029CB2E9100017DA2 /* SignInHeaderView.swift in Sources */,
				1861D13629E6D80E00C46416 /* ListUserTableViewCellViewModel.swift in Sources */,
				185A4BDE29CDA618003B2D21 /* PostDateTimeCollectionViewCellViewModel.swift in Sources */,
				1859C8D929CB18AF000E2BD3 /* SettingsViewController.swift in Sources */,
				18ACF43629D4213E00B5CFC5 /* SearchResultsViewController.swift in Sources */,
				18ACF43F29D440A200B5CFC5 /* NotificationManager.swift in Sources */,
				183190D229E4370F00FDDF5D /* EditProfileViewController.swift in Sources */,
				188F84D429DC4C6D0012C3A6 /* ProfileHeaderCountViewViewModel.swift in Sources */,
				18D19BC429CB338B00017DA2 /* IGTextField.swift in Sources */,
				1859C8E529CB1932000E2BD3 /* DatabaseManager.swift in Sources */,
				185A4BD629CDA542003B2D21 /* PostCollectionViewCellViewModel.swift in Sources */,
				185A4BE029CDA6B2003B2D21 /* HomeFeedCellType.swift in Sources */,
				185A4BDA29CDA5AB003B2D21 /* PostLikesCollectionViewCellViewModel.swift in Sources */,
				1859C8DF29CB18F1000E2BD3 /* Relationship.swift in Sources */,
				1859C8DD29CB18E3000E2BD3 /* Post.swift in Sources */,
				1861D13429E6D5D000C46416 /* ListUserTableViewCell.swift in Sources */,
				1863380C29D2FE840009D94F /* PostEditViewController.swift in Sources */,
				18ACF43B29D43F2D00B5CFC5 /* LikeNotificationTableViewCell.swift in Sources */,
				1859C8E329CB191F000E2BD3 /* AuthManager.swift in Sources */,
				185AC41029D7044000D417DB /* ProfileHeaderViewModel.swift in Sources */,
				185A4BDC29CDA5ED003B2D21 /* PostCaptionCollectionViewCellViewModel.swift in Sources */,
				1859C8CF29CB185E000E2BD3 /* SignInViewController.swift in Sources */,
				18D19BC229CB2F6D00017DA2 /* Extensions.swift in Sources */,
				1859C8C929CB17F0000E2BD3 /* ProfileViewController.swift in Sources */,
				185A4BD829CDA583003B2D21 /* PostActionsCollectionViewCellViewModel.swift in Sources */,
				185A4BEF29CDAC0E003B2D21 /* PostDateTimeCollectionViewCell.swift in Sources */,
				183190D029E4357300FDDF5D /* UserInfo.swift in Sources */,
				187C461D29CB115D0030A73A /* AppDelegate.swift in Sources */,
				1863380E29D306CB0009D94F /* PhotoCollectionViewCell.swift in Sources */,
				187C461F29CB115D0030A73A /* SceneDelegate.swift in Sources */,
				185A4BE329CDAAF6003B2D21 /* PosterCollectionViewCell.swift in Sources */,
				185A4BD429CDA4D5003B2D21 /* PosterCollectionViewCellViewModel.swift in Sources */,
				1859C8EB29CB1954000E2BD3 /* Haptics.swift in Sources */,
				18F7902B29D4489500D55755 /* NotificationCelltype.swift in Sources */,
				185A4BED29CDAC05003B2D21 /* PostCaptionCollectionViewCell.swift in Sources */,
			);
			runOnlyForDeploymentPostprocessing = 0;
		};
/* End PBXSourcesBuildPhase section */

/* Begin PBXVariantGroup section */
		187C462729CB115D0030A73A /* LaunchScreen.storyboard */ = {
			isa = PBXVariantGroup;
			children = (
				187C462829CB115D0030A73A /* Base */,
			);
			name = LaunchScreen.storyboard;
			sourceTree = "<group>";
		};
/* End PBXVariantGroup section */

/* Begin XCBuildConfiguration section */
		187C462B29CB115D0030A73A /* Debug */ = {
			isa = XCBuildConfiguration;
			buildSettings = {
				ALWAYS_SEARCH_USER_PATHS = NO;
				CLANG_ANALYZER_NONNULL = YES;
				CLANG_ANALYZER_NUMBER_OBJECT_CONVERSION = YES_AGGRESSIVE;
				CLANG_CXX_LANGUAGE_STANDARD = "gnu++20";
				CLANG_ENABLE_MODULES = YES;
				CLANG_ENABLE_OBJC_ARC = YES;
				CLANG_ENABLE_OBJC_WEAK = YES;
				CLANG_WARN_BLOCK_CAPTURE_AUTORELEASING = YES;
				CLANG_WARN_BOOL_CONVERSION = YES;
				CLANG_WARN_COMMA = YES;
				CLANG_WARN_CONSTANT_CONVERSION = YES;
				CLANG_WARN_DEPRECATED_OBJC_IMPLEMENTATIONS = YES;
				CLANG_WARN_DIRECT_OBJC_ISA_USAGE = YES_ERROR;
				CLANG_WARN_DOCUMENTATION_COMMENTS = YES;
				CLANG_WARN_EMPTY_BODY = YES;
				CLANG_WARN_ENUM_CONVERSION = YES;
				CLANG_WARN_INFINITE_RECURSION = YES;
				CLANG_WARN_INT_CONVERSION = YES;
				CLANG_WARN_NON_LITERAL_NULL_CONVERSION = YES;
				CLANG_WARN_OBJC_IMPLICIT_RETAIN_SELF = YES;
				CLANG_WARN_OBJC_LITERAL_CONVERSION = YES;
				CLANG_WARN_OBJC_ROOT_CLASS = YES_ERROR;
				CLANG_WARN_QUOTED_INCLUDE_IN_FRAMEWORK_HEADER = YES;
				CLANG_WARN_RANGE_LOOP_ANALYSIS = YES;
				CLANG_WARN_STRICT_PROTOTYPES = YES;
				CLANG_WARN_SUSPICIOUS_MOVE = YES;
				CLANG_WARN_UNGUARDED_AVAILABILITY = YES_AGGRESSIVE;
				CLANG_WARN_UNREACHABLE_CODE = YES;
				CLANG_WARN__DUPLICATE_METHOD_MATCH = YES;
				COPY_PHASE_STRIP = NO;
				DEBUG_INFORMATION_FORMAT = dwarf;
				ENABLE_STRICT_OBJC_MSGSEND = YES;
				ENABLE_TESTABILITY = YES;
				GCC_C_LANGUAGE_STANDARD = gnu11;
				GCC_DYNAMIC_NO_PIC = NO;
				GCC_NO_COMMON_BLOCKS = YES;
				GCC_OPTIMIZATION_LEVEL = 0;
				GCC_PREPROCESSOR_DEFINITIONS = (
					"DEBUG=1",
					"$(inherited)",
				);
				GCC_WARN_64_TO_32_BIT_CONVERSION = YES;
				GCC_WARN_ABOUT_RETURN_TYPE = YES_ERROR;
				GCC_WARN_UNDECLARED_SELECTOR = YES;
				GCC_WARN_UNINITIALIZED_AUTOS = YES_AGGRESSIVE;
				GCC_WARN_UNUSED_FUNCTION = YES;
				GCC_WARN_UNUSED_VARIABLE = YES;
				IPHONEOS_DEPLOYMENT_TARGET = 16.2;
				MTL_ENABLE_DEBUG_INFO = INCLUDE_SOURCE;
				MTL_FAST_MATH = YES;
				ONLY_ACTIVE_ARCH = YES;
				SDKROOT = iphoneos;
				SWIFT_ACTIVE_COMPILATION_CONDITIONS = DEBUG;
				SWIFT_OPTIMIZATION_LEVEL = "-Onone";
			};
			name = Debug;
		};
		187C462C29CB115D0030A73A /* Release */ = {
			isa = XCBuildConfiguration;
			buildSettings = {
				ALWAYS_SEARCH_USER_PATHS = NO;
				CLANG_ANALYZER_NONNULL = YES;
				CLANG_ANALYZER_NUMBER_OBJECT_CONVERSION = YES_AGGRESSIVE;
				CLANG_CXX_LANGUAGE_STANDARD = "gnu++20";
				CLANG_ENABLE_MODULES = YES;
				CLANG_ENABLE_OBJC_ARC = YES;
				CLANG_ENABLE_OBJC_WEAK = YES;
				CLANG_WARN_BLOCK_CAPTURE_AUTORELEASING = YES;
				CLANG_WARN_BOOL_CONVERSION = YES;
				CLANG_WARN_COMMA = YES;
				CLANG_WARN_CONSTANT_CONVERSION = YES;
				CLANG_WARN_DEPRECATED_OBJC_IMPLEMENTATIONS = YES;
				CLANG_WARN_DIRECT_OBJC_ISA_USAGE = YES_ERROR;
				CLANG_WARN_DOCUMENTATION_COMMENTS = YES;
				CLANG_WARN_EMPTY_BODY = YES;
				CLANG_WARN_ENUM_CONVERSION = YES;
				CLANG_WARN_INFINITE_RECURSION = YES;
				CLANG_WARN_INT_CONVERSION = YES;
				CLANG_WARN_NON_LITERAL_NULL_CONVERSION = YES;
				CLANG_WARN_OBJC_IMPLICIT_RETAIN_SELF = YES;
				CLANG_WARN_OBJC_LITERAL_CONVERSION = YES;
				CLANG_WARN_OBJC_ROOT_CLASS = YES_ERROR;
				CLANG_WARN_QUOTED_INCLUDE_IN_FRAMEWORK_HEADER = YES;
				CLANG_WARN_RANGE_LOOP_ANALYSIS = YES;
				CLANG_WARN_STRICT_PROTOTYPES = YES;
				CLANG_WARN_SUSPICIOUS_MOVE = YES;
				CLANG_WARN_UNGUARDED_AVAILABILITY = YES_AGGRESSIVE;
				CLANG_WARN_UNREACHABLE_CODE = YES;
				CLANG_WARN__DUPLICATE_METHOD_MATCH = YES;
				COPY_PHASE_STRIP = NO;
				DEBUG_INFORMATION_FORMAT = "dwarf-with-dsym";
				ENABLE_NS_ASSERTIONS = NO;
				ENABLE_STRICT_OBJC_MSGSEND = YES;
				GCC_C_LANGUAGE_STANDARD = gnu11;
				GCC_NO_COMMON_BLOCKS = YES;
				GCC_WARN_64_TO_32_BIT_CONVERSION = YES;
				GCC_WARN_ABOUT_RETURN_TYPE = YES_ERROR;
				GCC_WARN_UNDECLARED_SELECTOR = YES;
				GCC_WARN_UNINITIALIZED_AUTOS = YES_AGGRESSIVE;
				GCC_WARN_UNUSED_FUNCTION = YES;
				GCC_WARN_UNUSED_VARIABLE = YES;
				IPHONEOS_DEPLOYMENT_TARGET = 16.2;
				MTL_ENABLE_DEBUG_INFO = NO;
				MTL_FAST_MATH = YES;
				SDKROOT = iphoneos;
				SWIFT_COMPILATION_MODE = wholemodule;
				SWIFT_OPTIMIZATION_LEVEL = "-O";
				VALIDATE_PRODUCT = YES;
			};
			name = Release;
		};
		187C462E29CB115D0030A73A /* Debug */ = {
			isa = XCBuildConfiguration;
			baseConfigurationReference = 4461663158ED0D96179F2131 /* Pods-Instagram.debug.xcconfig */;
			buildSettings = {
				ASSETCATALOG_COMPILER_APPICON_NAME = AppIcon;
				ASSETCATALOG_COMPILER_GLOBAL_ACCENT_COLOR_NAME = AccentColor;
				CODE_SIGN_ENTITLEMENTS = Instagram/Instagram.entitlements;
				CODE_SIGN_STYLE = Automatic;
				CURRENT_PROJECT_VERSION = 1;
				DEVELOPMENT_TEAM = V834C37N47;
				GENERATE_INFOPLIST_FILE = YES;
				INFOPLIST_FILE = Instagram/Info.plist;
				INFOPLIST_KEY_CFBundleDisplayName = Instagram;
				INFOPLIST_KEY_UIApplicationSupportsIndirectInputEvents = YES;
				INFOPLIST_KEY_UILaunchStoryboardName = LaunchScreen;
				INFOPLIST_KEY_UIMainStoryboardFile = "";
				INFOPLIST_KEY_UISupportedInterfaceOrientations = UIInterfaceOrientationPortrait;
				INFOPLIST_KEY_UISupportedInterfaceOrientations_iPad = "UIInterfaceOrientationLandscapeLeft UIInterfaceOrientationLandscapeRight UIInterfaceOrientationPortrait UIInterfaceOrientationPortraitUpsideDown";
				IPHONEOS_DEPLOYMENT_TARGET = 13.0;
				LD_RUNPATH_SEARCH_PATHS = (
					"$(inherited)",
					"@executable_path/Frameworks",
				);
				MARKETING_VERSION = 1.0;
				PRODUCT_BUNDLE_IDENTIFIER = AnlBRC.Instagram;
				PRODUCT_NAME = "$(TARGET_NAME)";
				SUPPORTED_PLATFORMS = "iphoneos iphonesimulator";
				SUPPORTS_MACCATALYST = NO;
				SUPPORTS_MAC_DESIGNED_FOR_IPHONE_IPAD = YES;
				SWIFT_EMIT_LOC_STRINGS = YES;
				SWIFT_VERSION = 5.0;
				TARGETED_DEVICE_FAMILY = 1;
			};
			name = Debug;
		};
		187C462F29CB115D0030A73A /* Release */ = {
			isa = XCBuildConfiguration;
			baseConfigurationReference = 0A5FD8F33FD830B528739A0F /* Pods-Instagram.release.xcconfig */;
			buildSettings = {
				ASSETCATALOG_COMPILER_APPICON_NAME = AppIcon;
				ASSETCATALOG_COMPILER_GLOBAL_ACCENT_COLOR_NAME = AccentColor;
				CODE_SIGN_ENTITLEMENTS = Instagram/Instagram.entitlements;
				CODE_SIGN_STYLE = Automatic;
				CURRENT_PROJECT_VERSION = 1;
				DEVELOPMENT_TEAM = V834C37N47;
				GENERATE_INFOPLIST_FILE = YES;
				INFOPLIST_FILE = Instagram/Info.plist;
				INFOPLIST_KEY_CFBundleDisplayName = Instagram;
				INFOPLIST_KEY_UIApplicationSupportsIndirectInputEvents = YES;
				INFOPLIST_KEY_UILaunchStoryboardName = LaunchScreen;
				INFOPLIST_KEY_UIMainStoryboardFile = "";
				INFOPLIST_KEY_UISupportedInterfaceOrientations = UIInterfaceOrientationPortrait;
				INFOPLIST_KEY_UISupportedInterfaceOrientations_iPad = "UIInterfaceOrientationLandscapeLeft UIInterfaceOrientationLandscapeRight UIInterfaceOrientationPortrait UIInterfaceOrientationPortraitUpsideDown";
				IPHONEOS_DEPLOYMENT_TARGET = 13.0;
				LD_RUNPATH_SEARCH_PATHS = (
					"$(inherited)",
					"@executable_path/Frameworks",
				);
				MARKETING_VERSION = 1.0;
				PRODUCT_BUNDLE_IDENTIFIER = AnlBRC.Instagram;
				PRODUCT_NAME = "$(TARGET_NAME)";
				SUPPORTED_PLATFORMS = "iphoneos iphonesimulator";
				SUPPORTS_MACCATALYST = NO;
				SUPPORTS_MAC_DESIGNED_FOR_IPHONE_IPAD = YES;
				SWIFT_EMIT_LOC_STRINGS = YES;
				SWIFT_VERSION = 5.0;
				TARGETED_DEVICE_FAMILY = 1;
			};
			name = Release;
		};
/* End XCBuildConfiguration section */

/* Begin XCConfigurationList section */
		187C461429CB115D0030A73A /* Build configuration list for PBXProject "Instagram" */ = {
			isa = XCConfigurationList;
			buildConfigurations = (
				187C462B29CB115D0030A73A /* Debug */,
				187C462C29CB115D0030A73A /* Release */,
			);
			defaultConfigurationIsVisible = 0;
			defaultConfigurationName = Release;
		};
		187C462D29CB115D0030A73A /* Build configuration list for PBXNativeTarget "Instagram" */ = {
			isa = XCConfigurationList;
			buildConfigurations = (
				187C462E29CB115D0030A73A /* Debug */,
				187C462F29CB115D0030A73A /* Release */,
			);
			defaultConfigurationIsVisible = 0;
			defaultConfigurationName = Release;
		};
/* End XCConfigurationList section */
	};
	rootObject = 187C461129CB115D0030A73A /* Project object */;
}
